
Microsoft Visual Studio Solution File, Format Version 12.00
# Visual Studio Version 17
VisualStudioVersion = 17.0.32112.339
MinimumVisualStudioVersion = 10.0.40219.1
Project("{9A19103F-16F7-4668-BE54-9A1E7A4F7556}") = "TrabajoInterno_Api", "TrabajoInterno_Api\TrabajoInterno_Api.csproj", "{3419F9F8-F0A8-43F3-9464-0623EC15943F}"
EndProject
Project("{9A19103F-16F7-4668-BE54-9A1E7A4F7556}") = "TrabajoInterno_Test", "TrabajoInterno_Test\TrabajoInterno_Test.csproj", "{82310894-BBFA-4185-A0FF-0B7E20612263}"
EndProject
Project("{9A19103F-16F7-4668-BE54-9A1E7A4F7556}") = "TrabajoInterno_Api_Persona", "TrabajoInterno_Api_Persona\TrabajoInterno_Api_Persona.csproj", "{254AAE26-A605-4932-943D-8BACB8AB3DD3}"
EndProject
Project("{9A19103F-16F7-4668-BE54-9A1E7A4F7556}") = "TrabajoInterno_Api_Imagen", "TrabajoInterno_Api_Imagen\TrabajoInterno_Api_Imagen.csproj", "{9367BC47-D680-4263-91C0-EC37BCD991DC}"
EndProject
Project("{9A19103F-16F7-4668-BE54-9A1E7A4F7556}") = "TrabajoInterno_Test_Imagen", "TrabajoInterno_Test_Imagen\TrabajoInterno_Test_Imagen.csproj", "{1D22EAB4-65EF-47FA-A1AC-690FD58035CE}"
EndProject
Project("{9A19103F-16F7-4668-BE54-9A1E7A4F7556}") = "TrabajoInterno_Test_Persona", "TrabajoInterno_Test_Persona\TrabajoInterno_Test_Persona.csproj", "{6422E1FA-8EF2-4745-9714-08EFB1FD186D}"
EndProject
Project("{E53339B2-1760-4266-BCC7-CA923CBCF16C}") = "docker-compose", "docker-compose.dcproj", "{8C0CDBBC-7075-419E-9C85-74473B5FFFEB}"
EndProject
Project("{9A19103F-16F7-4668-BE54-9A1E7A4F7556}") = "TrabajoInterno_Api_Gateway", "TrabajoInterno_Api_Gateway\TrabajoInterno_Api_Gateway.csproj", "{1A09D646-5EE6-4B92-99D0-4CDDFCBE4213}"
EndProject
Project("{9A19103F-16F7-4668-BE54-9A1E7A4F7556}") = "TrabajoInterno_RabbitMq_Bus", "TrabajoInterno_RabbitMq_Bus\TrabajoInterno_RabbitMq_Bus.csproj", "{625BF764-452C-4FBC-AB0C-7329D6DEB76E}"
EndProject
Project("{2150E333-8FDC-42A3-9474-1A3956D46DE8}") = "Kubernets", "Kubernets", "{4F0BED2B-DA68-4E84-A49F-FDE49036636A}"
	ProjectSection(SolutionItems) = preProject
		gateway-api-deploy.yml = gateway-api-deploy.yml
		gateway-api-pod.yml = gateway-api-pod.yml
		gateway-api-service.yml = gateway-api-service.yml
		microservice-api-deploy.yml = microservice-api-deploy.yml
		microservice-api-imagen-deploy.yml = microservice-api-imagen-deploy.yml
		microservice-api-imagen-pod.yml = microservice-api-imagen-pod.yml
		microservice-api-imagen-service.yml = microservice-api-imagen-service.yml
		microservice-api-persona-deploy.yml = microservice-api-persona-deploy.yml
		microservice-api-persona-pod.yml = microservice-api-persona-pod.yml
		microservice-api-persona-service.yml = microservice-api-persona-service.yml
		microservice-api-pod.yml = microservice-api-pod.yml
		microservice-api-service.yml = microservice-api-service.yml
		mongodb- pod.yml = mongodb- pod.yml
		mongodb-deploy.yml = mongodb-deploy.yml
		mongodb-service.yml = mongodb-service.yml
		mysqldb-deploy.yml = mysqldb-deploy.yml
		mysqldb-pod.yml = mysqldb-pod.yml
		mysqldb-service.yml = mysqldb-service.yml
	EndProjectSection
EndProject
Global
	GlobalSection(SolutionConfigurationPlatforms) = preSolution
		Debug|Any CPU = Debug|Any CPU
		Release|Any CPU = Release|Any CPU
	EndGlobalSection
	GlobalSection(ProjectConfigurationPlatforms) = postSolution
		{3419F9F8-F0A8-43F3-9464-0623EC15943F}.Debug|Any CPU.ActiveCfg = Debug|Any CPU
		{3419F9F8-F0A8-43F3-9464-0623EC15943F}.Debug|Any CPU.Build.0 = Debug|Any CPU
		{3419F9F8-F0A8-43F3-9464-0623EC15943F}.Release|Any CPU.ActiveCfg = Release|Any CPU
		{3419F9F8-F0A8-43F3-9464-0623EC15943F}.Release|Any CPU.Build.0 = Release|Any CPU
		{82310894-BBFA-4185-A0FF-0B7E20612263}.Debug|Any CPU.ActiveCfg = Debug|Any CPU
		{82310894-BBFA-4185-A0FF-0B7E20612263}.Debug|Any CPU.Build.0 = Debug|Any CPU
		{82310894-BBFA-4185-A0FF-0B7E20612263}.Release|Any CPU.ActiveCfg = Release|Any CPU
		{82310894-BBFA-4185-A0FF-0B7E20612263}.Release|Any CPU.Build.0 = Release|Any CPU
		{254AAE26-A605-4932-943D-8BACB8AB3DD3}.Debug|Any CPU.ActiveCfg = Debug|Any CPU
		{254AAE26-A605-4932-943D-8BACB8AB3DD3}.Debug|Any CPU.Build.0 = Debug|Any CPU
		{254AAE26-A605-4932-943D-8BACB8AB3DD3}.Release|Any CPU.ActiveCfg = Release|Any CPU
		{254AAE26-A605-4932-943D-8BACB8AB3DD3}.Release|Any CPU.Build.0 = Release|Any CPU
		{9367BC47-D680-4263-91C0-EC37BCD991DC}.Debug|Any CPU.ActiveCfg = Debug|Any CPU
		{9367BC47-D680-4263-91C0-EC37BCD991DC}.Debug|Any CPU.Build.0 = Debug|Any CPU
		{9367BC47-D680-4263-91C0-EC37BCD991DC}.Release|Any CPU.ActiveCfg = Release|Any CPU
		{9367BC47-D680-4263-91C0-EC37BCD991DC}.Release|Any CPU.Build.0 = Release|Any CPU
		{1D22EAB4-65EF-47FA-A1AC-690FD58035CE}.Debug|Any CPU.ActiveCfg = Debug|Any CPU
		{1D22EAB4-65EF-47FA-A1AC-690FD58035CE}.Debug|Any CPU.Build.0 = Debug|Any CPU
		{1D22EAB4-65EF-47FA-A1AC-690FD58035CE}.Release|Any CPU.ActiveCfg = Release|Any CPU
		{1D22EAB4-65EF-47FA-A1AC-690FD58035CE}.Release|Any CPU.Build.0 = Release|Any CPU
		{6422E1FA-8EF2-4745-9714-08EFB1FD186D}.Debug|Any CPU.ActiveCfg = Debug|Any CPU
		{6422E1FA-8EF2-4745-9714-08EFB1FD186D}.Debug|Any CPU.Build.0 = Debug|Any CPU
		{6422E1FA-8EF2-4745-9714-08EFB1FD186D}.Release|Any CPU.ActiveCfg = Release|Any CPU
		{6422E1FA-8EF2-4745-9714-08EFB1FD186D}.Release|Any CPU.Build.0 = Release|Any CPU
		{8C0CDBBC-7075-419E-9C85-74473B5FFFEB}.Debug|Any CPU.ActiveCfg = Debug|Any CPU
		{8C0CDBBC-7075-419E-9C85-74473B5FFFEB}.Debug|Any CPU.Build.0 = Debug|Any CPU
		{8C0CDBBC-7075-419E-9C85-74473B5FFFEB}.Release|Any CPU.ActiveCfg = Release|Any CPU
		{8C0CDBBC-7075-419E-9C85-74473B5FFFEB}.Release|Any CPU.Build.0 = Release|Any CPU
		{1A09D646-5EE6-4B92-99D0-4CDDFCBE4213}.Debug|Any CPU.ActiveCfg = Debug|Any CPU
		{1A09D646-5EE6-4B92-99D0-4CDDFCBE4213}.Debug|Any CPU.Build.0 = Debug|Any CPU
		{1A09D646-5EE6-4B92-99D0-4CDDFCBE4213}.Release|Any CPU.ActiveCfg = Release|Any CPU
		{1A09D646-5EE6-4B92-99D0-4CDDFCBE4213}.Release|Any CPU.Build.0 = Release|Any CPU
		{625BF764-452C-4FBC-AB0C-7329D6DEB76E}.Debug|Any CPU.ActiveCfg = Debug|Any CPU
		{625BF764-452C-4FBC-AB0C-7329D6DEB76E}.Debug|Any CPU.Build.0 = Debug|Any CPU
		{625BF764-452C-4FBC-AB0C-7329D6DEB76E}.Release|Any CPU.ActiveCfg = Release|Any CPU
		{625BF764-452C-4FBC-AB0C-7329D6DEB76E}.Release|Any CPU.Build.0 = Release|Any CPU
	EndGlobalSection
	GlobalSection(SolutionProperties) = preSolution
		HideSolutionNode = FALSE
	EndGlobalSection
	GlobalSection(ExtensibilityGlobals) = postSolution
		SolutionGuid = {9B1ECDBE-E717-4E1D-8293-C3194E0E499F}
	EndGlobalSection
EndGlobal
